
Microsoft Visual Studio Solution File, Format Version 12.00
# Visual Studio 15
VisualStudioVersion = 15.0.28010.0
MinimumVisualStudioVersion = 10.0.40219.1
Project("{FAE04EC0-301F-11D3-BF4B-00C04F79EFBC}") = "SortCollection", "SortCollection\SortCollection.csproj", "{3292DDA6-1655-40F3-9646-CAA0499857E0}"
EndProject
Global
	GlobalSection(SolutionConfigurationPlatforms) = preSolution
		Debug|Any CPU = Debug|Any CPU
		Release|Any CPU = Release|Any CPU
	EndGlobalSection
	GlobalSection(ProjectConfigurationPlatforms) = postSolution
		{3292DDA6-1655-40F3-9646-CAA0499857E0}.Debug|Any CPU.ActiveCfg = Debug|Any CPU
		{3292DDA6-1655-40F3-9646-CAA0499857E0}.Debug|Any CPU.Build.0 = Debug|Any CPU
		{3292DDA6-1655-40F3-9646-CAA0499857E0}.Release|Any CPU.ActiveCfg = Release|Any CPU
		{3292DDA6-1655-40F3-9646-CAA0499857E0}.Release|Any CPU.Build.0 = Release|Any CPU
	EndGlobalSection
	GlobalSection(SolutionProperties) = preSolution
		HideSolutionNode = FALSE
	EndGlobalSection
	GlobalSection(ExtensibilityGlobals) = postSolution
		SolutionGuid = {DC297C6E-B263-441E-BF1F-C1F69213CDD5}
	EndGlobalSection
EndGlobal
